<?xml version="1.0" encoding="UTF-8" standalone="yes" ?>
<CodeBlocks_project_file>
	<FileVersion major="1" minor="6" />
	<Project>
		<Option title="osmogd" />
		<Option pch_mode="2" />
		<Option compiler="gcc" />
		<Build>
			<Target title="Debug">
				<Option output="bin/Debug/osmogd" prefix_auto="1" extension_auto="1" />
				<Option object_output="obj/Debug/" />
				<Option type="1" />
				<Option compiler="gcc" />
				<Compiler>
					<Add option="-g" />
				</Compiler>
			</Target>
			<Target title="Release">
				<Option output="bin/Release/osmogd" prefix_auto="1" extension_auto="1" />
				<Option object_output="obj/Release/" />
				<Option type="1" />
				<Option compiler="gcc" />
				<Compiler>
					<Add option="-O2" />
					<Add directory="E:/Uni/Geomatics Engineering/Bakk-Arbeit/GitHub/GDAL/32bit/include" />
					<Add directory="E:/Uni/Geomatics Engineering/Bakk-Arbeit/GitHub/GDAL/32bit/bin/gdal-data" />
				</Compiler>
				<Linker>
					<Add option="-s" />
					<Add option="-static -static-libgcc -static-libstdc++" />
					<Add library="E:\Uni\Geomatics Engineering\Bakk-Arbeit\GitHub\GDAL\32bit\lib\gdal_i.lib" />
					<Add library="E:\Uni\Geomatics Engineering\Bakk-Arbeit\GitHub\GDAL\32bit\lib\geos.lib" />
					<Add library="E:\Uni\Geomatics Engineering\Bakk-Arbeit\GitHub\GDAL\32bit\lib\geos_c.lib" />
					<Add directory="E:/Uni/Geomatics Engineering/Bakk-Arbeit/GitHub/GDAL/32bit/lib" />
				</Linker>
			</Target>
		</Build>
		<Compiler>
			<Add option="-Wall" />
			<Add directory="E:/Uni/Geomatics Engineering/Bakk-Arbeit/GitHub/GDAL/32bit/include" />
			<Add directory="E:/Uni/Geomatics Engineering/Bakk-Arbeit/GitHub/GDAL/32bit/bin/gdal-data" />
		</Compiler>
		<Linker>
			<Add option="-static -static-libgcc -static-libstdc++" />
			<Add library="E:\Uni\Geomatics Engineering\Bakk-Arbeit\GitHub\GDAL\32bit\lib\gdal_i.lib" />
			<Add library="E:\Uni\Geomatics Engineering\Bakk-Arbeit\GitHub\GDAL\32bit\lib\geos.lib" />
			<Add library="E:\Uni\Geomatics Engineering\Bakk-Arbeit\GitHub\GDAL\32bit\lib\geos_c.lib" />
			<Add directory="E:/Uni/Geomatics Engineering/Bakk-Arbeit/GitHub/GDAL/32bit/lib" />
		</Linker>
		<Unit filename="getBuffer.cpp" />
		<Unit filename="getBuffer.h" />
		<Unit filename="getFormat.cpp" />
		<Unit filename="getFormat.h" />
		<Unit filename="getLayerName.cpp" />
		<Unit filename="getLayerName.h" />
		<Unit filename="getShape.cpp" />
		<Unit filename="getShape.h" />
		<Unit filename="getString.cpp" />
		<Unit filename="getString.h" />
		<Unit filename="main.cpp" />
		<Extensions>
			<code_completion />
			<envvars />
			<debugger />
			<lib_finder disable_auto="1" />
		</Extensions>
	</Project>
</CodeBlocks_project_file>
